
Microsoft Visual Studio Solution File, Format Version 12.00
# Visual Studio 15
VisualStudioVersion = 15.0.27703.2000
MinimumVisualStudioVersion = 10.0.40219.1
Project("{FAE04EC0-301F-11D3-BF4B-00C04F79EFBC}") = "VPShelter", "VPShelter\VPShelter.csproj", "{ED83FA61-F00B-450A-8050-E2F05865AB2F}"
EndProject
Global
	GlobalSection(SolutionConfigurationPlatforms) = preSolution
		Debug|Any CPU = Debug|Any CPU
		Release|Any CPU = Release|Any CPU
	EndGlobalSection
	GlobalSection(ProjectConfigurationPlatforms) = postSolution
		{ED83FA61-F00B-450A-8050-E2F05865AB2F}.Debug|Any CPU.ActiveCfg = Debug|Any CPU
		{ED83FA61-F00B-450A-8050-E2F05865AB2F}.Debug|Any CPU.Build.0 = Debug|Any CPU
		{ED83FA61-F00B-450A-8050-E2F05865AB2F}.Release|Any CPU.ActiveCfg = Release|Any CPU
		{ED83FA61-F00B-450A-8050-E2F05865AB2F}.Release|Any CPU.Build.0 = Release|Any CPU
	EndGlobalSection
	GlobalSection(SolutionProperties) = preSolution
		HideSolutionNode = FALSE
	EndGlobalSection
	GlobalSection(ExtensibilityGlobals) = postSolution
		SolutionGuid = {0638AA8C-E58B-4997-9454-3876C19AED8C}
	EndGlobalSection
EndGlobal
